
Microsoft Visual Studio Solution File, Format Version 12.00
# Visual Studio Version 17
VisualStudioVersion = 17.8.34316.72
MinimumVisualStudioVersion = 10.0.40219.1
Project("{FAE04EC0-301F-11D3-BF4B-00C04F79EFBC}") = "mockup", "mockup\mockup.csproj", "{4167B237-AA19-49E5-8628-40650460312A}"
EndProject
Global
	GlobalSection(SolutionConfigurationPlatforms) = preSolution
		Debug|Any CPU = Debug|Any CPU
		Release|Any CPU = Release|Any CPU
	EndGlobalSection
	GlobalSection(ProjectConfigurationPlatforms) = postSolution
		{4167B237-AA19-49E5-8628-40650460312A}.Debug|Any CPU.ActiveCfg = Debug|Any CPU
		{4167B237-AA19-49E5-8628-40650460312A}.Debug|Any CPU.Build.0 = Debug|Any CPU
		{4167B237-AA19-49E5-8628-40650460312A}.Release|Any CPU.ActiveCfg = Release|Any CPU
		{4167B237-AA19-49E5-8628-40650460312A}.Release|Any CPU.Build.0 = Release|Any CPU
	EndGlobalSection
	GlobalSection(SolutionProperties) = preSolution
		HideSolutionNode = FALSE
	EndGlobalSection
	GlobalSection(ExtensibilityGlobals) = postSolution
		SolutionGuid = {FACAC124-E898-45AE-BD98-E1466684F3FC}
	EndGlobalSection
EndGlobal
